
Microsoft Visual Studio Solution File, Format Version 12.00
# Visual Studio Version 16
VisualStudioVersion = 16.0.28803.156
MinimumVisualStudioVersion = 10.0.40219.1
Project("{FAE04EC0-301F-11D3-BF4B-00C04F79EFBC}") = "Labaratorijeske1doop", "Labaratorijeske1doop\Labaratorijeske1doop.csproj", "{D7172777-BB5D-46B8-A5D5-364D5EF806D4}"
EndProject
Global
	GlobalSection(SolutionConfigurationPlatforms) = preSolution
		Debug|Any CPU = Debug|Any CPU
		Release|Any CPU = Release|Any CPU
	EndGlobalSection
	GlobalSection(ProjectConfigurationPlatforms) = postSolution
		{D7172777-BB5D-46B8-A5D5-364D5EF806D4}.Debug|Any CPU.ActiveCfg = Debug|Any CPU
		{D7172777-BB5D-46B8-A5D5-364D5EF806D4}.Debug|Any CPU.Build.0 = Debug|Any CPU
		{D7172777-BB5D-46B8-A5D5-364D5EF806D4}.Release|Any CPU.ActiveCfg = Release|Any CPU
		{D7172777-BB5D-46B8-A5D5-364D5EF806D4}.Release|Any CPU.Build.0 = Release|Any CPU
	EndGlobalSection
	GlobalSection(SolutionProperties) = preSolution
		HideSolutionNode = FALSE
	EndGlobalSection
	GlobalSection(ExtensibilityGlobals) = postSolution
		SolutionGuid = {38FCCD20-06EC-40F7-8D0F-4467FACC61D7}
	EndGlobalSection
EndGlobal
